{
  "lockfileVersion": 1,
  "workspaces": {
    "": {
      "name": "twins-announcements",
      "devDependencies": {
        "@biomejs/biome": "2.2.0",
        "@mkobayashime/shared-config": "2.0.0",
        "@types/md5": "2.3.5",
        "@types/node": "24.3.0",
        "date-fns": "4.1.0",
        "eslint": "9.34.0",
        "feed": "5.1.0",
        "fp-ts": "2.16.11",
        "md5": "2.3.0",
        "playwright": "1.55.0",
        "rimraf": "6.0.1",
        "tsx": "4.20.4",
        "typescript": "5.9.2",
        "typescript-eslint": "8.43.0",
      },
    },
  },
  "packages": {
    "@biomejs/biome": ["@biomejs/biome@2.2.0", "", { "optionalDependencies": { "@biomejs/cli-darwin-arm64": "2.2.0", "@biomejs/cli-darwin-x64": "2.2.0", "@biomejs/cli-linux-arm64": "2.2.0", "@biomejs/cli-linux-arm64-musl": "2.2.0", "@biomejs/cli-linux-x64": "2.2.0", "@biomejs/cli-linux-x64-musl": "2.2.0", "@biomejs/cli-win32-arm64": "2.2.0", "@biomejs/cli-win32-x64": "2.2.0" }, "bin": { "biome": "bin/biome" } }, "sha512-3On3RSYLsX+n9KnoSgfoYlckYBoU6VRM22cw1gB4Y0OuUVSYd/O/2saOJMrA4HFfA1Ff0eacOvMN1yAAvHtzIw=="],

    "@biomejs/cli-darwin-arm64": ["@biomejs/cli-darwin-arm64@2.2.0", "", { "os": "darwin", "cpu": "arm64" }, "sha512-zKbwUUh+9uFmWfS8IFxmVD6XwqFcENjZvEyfOxHs1epjdH3wyyMQG80FGDsmauPwS2r5kXdEM0v/+dTIA9FXAg=="],

    "@biomejs/cli-darwin-x64": ["@biomejs/cli-darwin-x64@2.2.0", "", { "os": "darwin", "cpu": "x64" }, "sha512-+OmT4dsX2eTfhD5crUOPw3RPhaR+SKVspvGVmSdZ9y9O/AgL8pla6T4hOn1q+VAFBHuHhsdxDRJgFCSC7RaMOw=="],

    "@biomejs/cli-linux-arm64": ["@biomejs/cli-linux-arm64@2.2.0", "", { "os": "linux", "cpu": "arm64" }, "sha512-6eoRdF2yW5FnW9Lpeivh7Mayhq0KDdaDMYOJnH9aT02KuSIX5V1HmWJCQQPwIQbhDh68Zrcpl8inRlTEan0SXw=="],

    "@biomejs/cli-linux-arm64-musl": ["@biomejs/cli-linux-arm64-musl@2.2.0", "", { "os": "linux", "cpu": "arm64" }, "sha512-egKpOa+4FL9YO+SMUMLUvf543cprjevNc3CAgDNFLcjknuNMcZ0GLJYa3EGTCR2xIkIUJDVneBV3O9OcIlCEZQ=="],

    "@biomejs/cli-linux-x64": ["@biomejs/cli-linux-x64@2.2.0", "", { "os": "linux", "cpu": "x64" }, "sha512-5UmQx/OZAfJfi25zAnAGHUMuOd+LOsliIt119x2soA2gLggQYrVPA+2kMUxR6Mw5M1deUF/AWWP2qpxgH7Nyfw=="],

    "@biomejs/cli-linux-x64-musl": ["@biomejs/cli-linux-x64-musl@2.2.0", "", { "os": "linux", "cpu": "x64" }, "sha512-I5J85yWwUWpgJyC1CcytNSGusu2p9HjDnOPAFG4Y515hwRD0jpR9sT9/T1cKHtuCvEQ/sBvx+6zhz9l9wEJGAg=="],

    "@biomejs/cli-win32-arm64": ["@biomejs/cli-win32-arm64@2.2.0", "", { "os": "win32", "cpu": "arm64" }, "sha512-n9a1/f2CwIDmNMNkFs+JI0ZjFnMO0jdOyGNtihgUNFnlmd84yIYY2KMTBmMV58ZlVHjgmY5Y6E1hVTnSRieggA=="],

    "@biomejs/cli-win32-x64": ["@biomejs/cli-win32-x64@2.2.0", "", { "os": "win32", "cpu": "x64" }, "sha512-Nawu5nHjP/zPKTIryh2AavzTc/KEg4um/MxWdXW0A6P/RZOyIpa7+QSjeXwAwX/utJGaCoXRPWtF3m5U/bB3Ww=="],

    "@esbuild/aix-ppc64": ["@esbuild/aix-ppc64@0.25.0", "", { "os": "aix", "cpu": "ppc64" }, "sha512-O7vun9Sf8DFjH2UtqK8Ku3LkquL9SZL8OLY1T5NZkA34+wG3OQF7cl4Ql8vdNzM6fzBbYfLaiRLIOZ+2FOCgBQ=="],

    "@esbuild/android-arm": ["@esbuild/android-arm@0.25.0", "", { "os": "android", "cpu": "arm" }, "sha512-PTyWCYYiU0+1eJKmw21lWtC+d08JDZPQ5g+kFyxP0V+es6VPPSUhM6zk8iImp2jbV6GwjX4pap0JFbUQN65X1g=="],

    "@esbuild/android-arm64": ["@esbuild/android-arm64@0.25.0", "", { "os": "android", "cpu": "arm64" }, "sha512-grvv8WncGjDSyUBjN9yHXNt+cq0snxXbDxy5pJtzMKGmmpPxeAmAhWxXI+01lU5rwZomDgD3kJwulEnhTRUd6g=="],

    "@esbuild/android-x64": ["@esbuild/android-x64@0.25.0", "", { "os": "android", "cpu": "x64" }, "sha512-m/ix7SfKG5buCnxasr52+LI78SQ+wgdENi9CqyCXwjVR2X4Jkz+BpC3le3AoBPYTC9NHklwngVXvbJ9/Akhrfg=="],

    "@esbuild/darwin-arm64": ["@esbuild/darwin-arm64@0.25.0", "", { "os": "darwin", "cpu": "arm64" }, "sha512-mVwdUb5SRkPayVadIOI78K7aAnPamoeFR2bT5nszFUZ9P8UpK4ratOdYbZZXYSqPKMHfS1wdHCJk1P1EZpRdvw=="],

    "@esbuild/darwin-x64": ["@esbuild/darwin-x64@0.25.0", "", { "os": "darwin", "cpu": "x64" }, "sha512-DgDaYsPWFTS4S3nWpFcMn/33ZZwAAeAFKNHNa1QN0rI4pUjgqf0f7ONmXf6d22tqTY+H9FNdgeaAa+YIFUn2Rg=="],

    "@esbuild/freebsd-arm64": ["@esbuild/freebsd-arm64@0.25.0", "", { "os": "freebsd", "cpu": "arm64" }, "sha512-VN4ocxy6dxefN1MepBx/iD1dH5K8qNtNe227I0mnTRjry8tj5MRk4zprLEdG8WPyAPb93/e4pSgi1SoHdgOa4w=="],

    "@esbuild/freebsd-x64": ["@esbuild/freebsd-x64@0.25.0", "", { "os": "freebsd", "cpu": "x64" }, "sha512-mrSgt7lCh07FY+hDD1TxiTyIHyttn6vnjesnPoVDNmDfOmggTLXRv8Id5fNZey1gl/V2dyVK1VXXqVsQIiAk+A=="],

    "@esbuild/linux-arm": ["@esbuild/linux-arm@0.25.0", "", { "os": "linux", "cpu": "arm" }, "sha512-vkB3IYj2IDo3g9xX7HqhPYxVkNQe8qTK55fraQyTzTX/fxaDtXiEnavv9geOsonh2Fd2RMB+i5cbhu2zMNWJwg=="],

    "@esbuild/linux-arm64": ["@esbuild/linux-arm64@0.25.0", "", { "os": "linux", "cpu": "arm64" }, "sha512-9QAQjTWNDM/Vk2bgBl17yWuZxZNQIF0OUUuPZRKoDtqF2k4EtYbpyiG5/Dk7nqeK6kIJWPYldkOcBqjXjrUlmg=="],

    "@esbuild/linux-ia32": ["@esbuild/linux-ia32@0.25.0", "", { "os": "linux", "cpu": "ia32" }, "sha512-43ET5bHbphBegyeqLb7I1eYn2P/JYGNmzzdidq/w0T8E2SsYL1U6un2NFROFRg1JZLTzdCoRomg8Rvf9M6W6Gg=="],

    "@esbuild/linux-loong64": ["@esbuild/linux-loong64@0.25.0", "", { "os": "linux", "cpu": "none" }, "sha512-fC95c/xyNFueMhClxJmeRIj2yrSMdDfmqJnyOY4ZqsALkDrrKJfIg5NTMSzVBr5YW1jf+l7/cndBfP3MSDpoHw=="],

    "@esbuild/linux-mips64el": ["@esbuild/linux-mips64el@0.25.0", "", { "os": "linux", "cpu": "none" }, "sha512-nkAMFju7KDW73T1DdH7glcyIptm95a7Le8irTQNO/qtkoyypZAnjchQgooFUDQhNAy4iu08N79W4T4pMBwhPwQ=="],

    "@esbuild/linux-ppc64": ["@esbuild/linux-ppc64@0.25.0", "", { "os": "linux", "cpu": "ppc64" }, "sha512-NhyOejdhRGS8Iwv+KKR2zTq2PpysF9XqY+Zk77vQHqNbo/PwZCzB5/h7VGuREZm1fixhs4Q/qWRSi5zmAiO4Fw=="],

    "@esbuild/linux-riscv64": ["@esbuild/linux-riscv64@0.25.0", "", { "os": "linux", "cpu": "none" }, "sha512-5S/rbP5OY+GHLC5qXp1y/Mx//e92L1YDqkiBbO9TQOvuFXM+iDqUNG5XopAnXoRH3FjIUDkeGcY1cgNvnXp/kA=="],

    "@esbuild/linux-s390x": ["@esbuild/linux-s390x@0.25.0", "", { "os": "linux", "cpu": "s390x" }, "sha512-XM2BFsEBz0Fw37V0zU4CXfcfuACMrppsMFKdYY2WuTS3yi8O1nFOhil/xhKTmE1nPmVyvQJjJivgDT+xh8pXJA=="],

    "@esbuild/linux-x64": ["@esbuild/linux-x64@0.25.0", "", { "os": "linux", "cpu": "x64" }, "sha512-9yl91rHw/cpwMCNytUDxwj2XjFpxML0y9HAOH9pNVQDpQrBxHy01Dx+vaMu0N1CKa/RzBD2hB4u//nfc+Sd3Cw=="],

    "@esbuild/netbsd-arm64": ["@esbuild/netbsd-arm64@0.25.0", "", { "os": "none", "cpu": "arm64" }, "sha512-RuG4PSMPFfrkH6UwCAqBzauBWTygTvb1nxWasEJooGSJ/NwRw7b2HOwyRTQIU97Hq37l3npXoZGYMy3b3xYvPw=="],

    "@esbuild/netbsd-x64": ["@esbuild/netbsd-x64@0.25.0", "", { "os": "none", "cpu": "x64" }, "sha512-jl+qisSB5jk01N5f7sPCsBENCOlPiS/xptD5yxOx2oqQfyourJwIKLRA2yqWdifj3owQZCL2sn6o08dBzZGQzA=="],

    "@esbuild/openbsd-arm64": ["@esbuild/openbsd-arm64@0.25.0", "", { "os": "openbsd", "cpu": "arm64" }, "sha512-21sUNbq2r84YE+SJDfaQRvdgznTD8Xc0oc3p3iW/a1EVWeNj/SdUCbm5U0itZPQYRuRTW20fPMWMpcrciH2EJw=="],

    "@esbuild/openbsd-x64": ["@esbuild/openbsd-x64@0.25.0", "", { "os": "openbsd", "cpu": "x64" }, "sha512-2gwwriSMPcCFRlPlKx3zLQhfN/2WjJ2NSlg5TKLQOJdV0mSxIcYNTMhk3H3ulL/cak+Xj0lY1Ym9ysDV1igceg=="],

    "@esbuild/sunos-x64": ["@esbuild/sunos-x64@0.25.0", "", { "os": "sunos", "cpu": "x64" }, "sha512-bxI7ThgLzPrPz484/S9jLlvUAHYMzy6I0XiU1ZMeAEOBcS0VePBFxh1JjTQt3Xiat5b6Oh4x7UC7IwKQKIJRIg=="],

    "@esbuild/win32-arm64": ["@esbuild/win32-arm64@0.25.0", "", { "os": "win32", "cpu": "arm64" }, "sha512-ZUAc2YK6JW89xTbXvftxdnYy3m4iHIkDtK3CLce8wg8M2L+YZhIvO1DKpxrd0Yr59AeNNkTiic9YLf6FTtXWMw=="],

    "@esbuild/win32-ia32": ["@esbuild/win32-ia32@0.25.0", "", { "os": "win32", "cpu": "ia32" }, "sha512-eSNxISBu8XweVEWG31/JzjkIGbGIJN/TrRoiSVZwZ6pkC6VX4Im/WV2cz559/TXLcYbcrDN8JtKgd9DJVIo8GA=="],

    "@esbuild/win32-x64": ["@esbuild/win32-x64@0.25.0", "", { "os": "win32", "cpu": "x64" }, "sha512-ZENoHJBxA20C2zFzh6AI4fT6RraMzjYw4xKWemRTRmRVtN9c5DcH9r/f2ihEkMjOW5eGgrwCslG/+Y/3bL+DHQ=="],

    "@eslint-community/eslint-utils": ["@eslint-community/eslint-utils@4.7.0", "", { "dependencies": { "eslint-visitor-keys": "^3.4.3" }, "peerDependencies": { "eslint": "^6.0.0 || ^7.0.0 || >=8.0.0" } }, "sha512-dyybb3AcajC7uha6CvhdVRJqaKyn7w2YKqKyAN37NKYgZT36w+iRb0Dymmc5qEJ549c/S31cMMSFd75bteCpCw=="],

    "@eslint-community/regexpp": ["@eslint-community/regexpp@4.12.1", "", {}, "sha512-CCZCDJuduB9OUkFkY2IgppNZMi2lBQgD2qzwXkEia16cge2pijY/aXi96CJMquDMn3nJdlPV1A5KrJEXwfLNzQ=="],

    "@eslint/config-array": ["@eslint/config-array@0.21.0", "", { "dependencies": { "@eslint/object-schema": "^2.1.6", "debug": "^4.3.1", "minimatch": "^3.1.2" } }, "sha512-ENIdc4iLu0d93HeYirvKmrzshzofPw6VkZRKQGe9Nv46ZnWUzcF1xV01dcvEg/1wXUR61OmmlSfyeyO7EvjLxQ=="],

    "@eslint/config-helpers": ["@eslint/config-helpers@0.3.1", "", {}, "sha512-xR93k9WhrDYpXHORXpxVL5oHj3Era7wo6k/Wd8/IsQNnZUTzkGS29lyn3nAT05v6ltUuTFVCCYDEGfy2Or/sPA=="],

    "@eslint/core": ["@eslint/core@0.15.2", "", { "dependencies": { "@types/json-schema": "^7.0.15" } }, "sha512-78Md3/Rrxh83gCxoUc0EiciuOHsIITzLy53m3d9UyiW8y9Dj2D29FeETqyKA+BRK76tnTp6RXWb3pCay8Oyomg=="],

    "@eslint/eslintrc": ["@eslint/eslintrc@3.3.1", "", { "dependencies": { "ajv": "^6.12.4", "debug": "^4.3.2", "espree": "^10.0.1", "globals": "^14.0.0", "ignore": "^5.2.0", "import-fresh": "^3.2.1", "js-yaml": "^4.1.0", "minimatch": "^3.1.2", "strip-json-comments": "^3.1.1" } }, "sha512-gtF186CXhIl1p4pJNGZw8Yc6RlshoePRvE0X91oPGb3vZ8pM3qOS9W9NGPat9LziaBV7XrJWGylNQXkGcnM3IQ=="],

    "@eslint/js": ["@eslint/js@9.34.0", "", {}, "sha512-EoyvqQnBNsV1CWaEJ559rxXL4c8V92gxirbawSmVUOWXlsRxxQXl6LmCpdUblgxgSkDIqKnhzba2SjRTI/A5Rw=="],

    "@eslint/object-schema": ["@eslint/object-schema@2.1.6", "", {}, "sha512-RBMg5FRL0I0gs51M/guSAj5/e14VQ4tpZnQNWwuDT66P14I43ItmPfIZRhO9fUVIPOAQXU47atlywZ/czoqFPA=="],

    "@eslint/plugin-kit": ["@eslint/plugin-kit@0.3.5", "", { "dependencies": { "@eslint/core": "^0.15.2", "levn": "^0.4.1" } }, "sha512-Z5kJ+wU3oA7MMIqVR9tyZRtjYPr4OC004Q4Rw7pgOKUOKkJfZ3O24nz3WYfGRpMDNmcOi3TwQOmgm7B7Tpii0w=="],

    "@humanfs/core": ["@humanfs/core@0.19.1", "", {}, "sha512-5DyQ4+1JEUzejeK1JGICcideyfUbGixgS9jNgex5nqkW+cY7WZhxBigmieN5Qnw9ZosSNVC9KQKyb+GUaGyKUA=="],

    "@humanfs/node": ["@humanfs/node@0.16.6", "", { "dependencies": { "@humanfs/core": "^0.19.1", "@humanwhocodes/retry": "^0.3.0" } }, "sha512-YuI2ZHQL78Q5HbhDiBA1X4LmYdXCKCMQIfw0pw7piHJwyREFebJUvrQN4cMssyES6x+vfUbx1CIpaQUKYdQZOw=="],

    "@humanwhocodes/module-importer": ["@humanwhocodes/module-importer@1.0.1", "", {}, "sha512-bxveV4V8v5Yb4ncFTT3rPSgZBOpCkjfK0y4oVVVJwIuDVBRMDXrPyXRL988i5ap9m9bnyEEjWfm5WkBmtffLfA=="],

    "@humanwhocodes/retry": ["@humanwhocodes/retry@0.4.3", "", {}, "sha512-bV0Tgo9K4hfPCek+aMAn81RppFKv2ySDQeMoSZuvTASywNTnVJCArCZE2FWqpvIatKu7VMRLWlR1EazvVhDyhQ=="],

    "@isaacs/cliui": ["@isaacs/cliui@8.0.2", "", { "dependencies": { "string-width": "^5.1.2", "string-width-cjs": "npm:string-width@^4.2.0", "strip-ansi": "^7.0.1", "strip-ansi-cjs": "npm:strip-ansi@^6.0.1", "wrap-ansi": "^8.1.0", "wrap-ansi-cjs": "npm:wrap-ansi@^7.0.0" } }, "sha512-O8jcjabXaleOG9DQ0+ARXWZBTfnP4WNAqzuiJK7ll44AmxGKv/J2M4TPjxjY3znBCfvBXFzucm1twdyFybFqEA=="],

    "@mkobayashime/shared-config": ["@mkobayashime/shared-config@2.0.0", "", { "peerDependencies": { "@biomejs/biome": "^2.0.4", "eslint": "^9.29.0", "typescript": "^5.8.3", "typescript-eslint": "^8.34.1" } }, "sha512-Ghc5dERhTrWXiPU0aSIxlxcXppumVZ+bErh5vhdzxxiIO6nEBHBBEtVvlYSs5Ww8xmtMRykbNo+ZanFJejL29g=="],

    "@nodelib/fs.scandir": ["@nodelib/fs.scandir@2.1.5", "", { "dependencies": { "@nodelib/fs.stat": "2.0.5", "run-parallel": "^1.1.9" } }, "sha512-vq24Bq3ym5HEQm2NKCr3yXDwjc7vTsEThRDnkp2DK9p1uqLR+DHurm/NOTo0KG7HYHU7eppKZj3MyqYuMBf62g=="],

    "@nodelib/fs.stat": ["@nodelib/fs.stat@2.0.5", "", {}, "sha512-RkhPPp2zrqDAQA/2jNhnztcPAlv64XdhIp7a7454A5ovI7Bukxgt7MX7udwAu3zg1DcpPU0rz3VV1SeaqvY4+A=="],

    "@nodelib/fs.walk": ["@nodelib/fs.walk@1.2.8", "", { "dependencies": { "@nodelib/fs.scandir": "2.1.5", "fastq": "^1.6.0" } }, "sha512-oGB+UxlgWcgQkgwo8GcEGwemoTFt3FIO9ababBmaGwXIoBKZ+GTy0pP185beGg7Llih/NSHSV2XAs1lnznocSg=="],

    "@types/estree": ["@types/estree@1.0.8", "", {}, "sha512-dWHzHa2WqEXI/O1E9OjrocMTKJl2mSrEolh1Iomrv6U+JuNwaHXsXx9bLu5gG7BUWFIN0skIQJQ/L1rIex4X6w=="],

    "@types/json-schema": ["@types/json-schema@7.0.15", "", {}, "sha512-5+fP8P8MFNC+AyZCDxrB2pkZFPGzqQWUzpSeuuVLvm8VMcorNYavBqoFcxK8bQz4Qsbn4oUEEem4wDLfcysGHA=="],

    "@types/md5": ["@types/md5@2.3.5", "", {}, "sha512-/i42wjYNgE6wf0j2bcTX6kuowmdL/6PE4IVitMpm2eYKBUuYCprdcWVK+xEF0gcV6ufMCRhtxmReGfc6hIK7Jw=="],

    "@types/node": ["@types/node@24.3.0", "", { "dependencies": { "undici-types": "~7.10.0" } }, "sha512-aPTXCrfwnDLj4VvXrm+UUCQjNEvJgNA8s5F1cvwQU+3KNltTOkBm1j30uNLyqqPNe7gE3KFzImYoZEfLhp4Yow=="],

    "@typescript-eslint/eslint-plugin": ["@typescript-eslint/eslint-plugin@8.43.0", "", { "dependencies": { "@eslint-community/regexpp": "^4.10.0", "@typescript-eslint/scope-manager": "8.43.0", "@typescript-eslint/type-utils": "8.43.0", "@typescript-eslint/utils": "8.43.0", "@typescript-eslint/visitor-keys": "8.43.0", "graphemer": "^1.4.0", "ignore": "^7.0.0", "natural-compare": "^1.4.0", "ts-api-utils": "^2.1.0" }, "peerDependencies": { "@typescript-eslint/parser": "^8.43.0", "eslint": "^8.57.0 || ^9.0.0", "typescript": ">=4.8.4 <6.0.0" } }, "sha512-8tg+gt7ENL7KewsKMKDHXR1vm8tt9eMxjJBYINf6swonlWgkYn5NwyIgXpbbDxTNU5DgpDFfj95prcTq2clIQQ=="],

    "@typescript-eslint/parser": ["@typescript-eslint/parser@8.43.0", "", { "dependencies": { "@typescript-eslint/scope-manager": "8.43.0", "@typescript-eslint/types": "8.43.0", "@typescript-eslint/typescript-estree": "8.43.0", "@typescript-eslint/visitor-keys": "8.43.0", "debug": "^4.3.4" }, "peerDependencies": { "eslint": "^8.57.0 || ^9.0.0", "typescript": ">=4.8.4 <6.0.0" } }, "sha512-B7RIQiTsCBBmY+yW4+ILd6mF5h1FUwJsVvpqkrgpszYifetQ2Ke+Z4u6aZh0CblkUGIdR59iYVyXqqZGkZ3aBw=="],

    "@typescript-eslint/project-service": ["@typescript-eslint/project-service@8.43.0", "", { "dependencies": { "@typescript-eslint/tsconfig-utils": "^8.43.0", "@typescript-eslint/types": "^8.43.0", "debug": "^4.3.4" }, "peerDependencies": { "typescript": ">=4.8.4 <6.0.0" } }, "sha512-htB/+D/BIGoNTQYffZw4uM4NzzuolCoaA/BusuSIcC8YjmBYQioew5VUZAYdAETPjeed0hqCaW7EHg+Robq8uw=="],

    "@typescript-eslint/scope-manager": ["@typescript-eslint/scope-manager@8.43.0", "", { "dependencies": { "@typescript-eslint/types": "8.43.0", "@typescript-eslint/visitor-keys": "8.43.0" } }, "sha512-daSWlQ87ZhsjrbMLvpuuMAt3y4ba57AuvadcR7f3nl8eS3BjRc8L9VLxFLk92RL5xdXOg6IQ+qKjjqNEimGuAg=="],

    "@typescript-eslint/tsconfig-utils": ["@typescript-eslint/tsconfig-utils@8.43.0", "", { "peerDependencies": { "typescript": ">=4.8.4 <6.0.0" } }, "sha512-ALC2prjZcj2YqqL5X/bwWQmHA2em6/94GcbB/KKu5SX3EBDOsqztmmX1kMkvAJHzxk7TazKzJfFiEIagNV3qEA=="],

    "@typescript-eslint/type-utils": ["@typescript-eslint/type-utils@8.43.0", "", { "dependencies": { "@typescript-eslint/types": "8.43.0", "@typescript-eslint/typescript-estree": "8.43.0", "@typescript-eslint/utils": "8.43.0", "debug": "^4.3.4", "ts-api-utils": "^2.1.0" }, "peerDependencies": { "eslint": "^8.57.0 || ^9.0.0", "typescript": ">=4.8.4 <6.0.0" } }, "sha512-qaH1uLBpBuBBuRf8c1mLJ6swOfzCXryhKND04Igr4pckzSEW9JX5Aw9AgW00kwfjWJF0kk0ps9ExKTfvXfw4Qg=="],

    "@typescript-eslint/types": ["@typescript-eslint/types@8.43.0", "", {}, "sha512-vQ2FZaxJpydjSZJKiSW/LJsabFFvV7KgLC5DiLhkBcykhQj8iK9BOaDmQt74nnKdLvceM5xmhaTF+pLekrxEkw=="],

    "@typescript-eslint/typescript-estree": ["@typescript-eslint/typescript-estree@8.43.0", "", { "dependencies": { "@typescript-eslint/project-service": "8.43.0", "@typescript-eslint/tsconfig-utils": "8.43.0", "@typescript-eslint/types": "8.43.0", "@typescript-eslint/visitor-keys": "8.43.0", "debug": "^4.3.4", "fast-glob": "^3.3.2", "is-glob": "^4.0.3", "minimatch": "^9.0.4", "semver": "^7.6.0", "ts-api-utils": "^2.1.0" }, "peerDependencies": { "typescript": ">=4.8.4 <6.0.0" } }, "sha512-7Vv6zlAhPb+cvEpP06WXXy/ZByph9iL6BQRBDj4kmBsW98AqEeQHlj/13X+sZOrKSo9/rNKH4Ul4f6EICREFdw=="],

    "@typescript-eslint/utils": ["@typescript-eslint/utils@8.43.0", "", { "dependencies": { "@eslint-community/eslint-utils": "^4.7.0", "@typescript-eslint/scope-manager": "8.43.0", "@typescript-eslint/types": "8.43.0", "@typescript-eslint/typescript-estree": "8.43.0" }, "peerDependencies": { "eslint": "^8.57.0 || ^9.0.0", "typescript": ">=4.8.4 <6.0.0" } }, "sha512-S1/tEmkUeeswxd0GGcnwuVQPFWo8NzZTOMxCvw8BX7OMxnNae+i8Tm7REQen/SwUIPoPqfKn7EaZ+YLpiB3k9g=="],

    "@typescript-eslint/visitor-keys": ["@typescript-eslint/visitor-keys@8.43.0", "", { "dependencies": { "@typescript-eslint/types": "8.43.0", "eslint-visitor-keys": "^4.2.1" } }, "sha512-T+S1KqRD4sg/bHfLwrpF/K3gQLBM1n7Rp7OjjikjTEssI2YJzQpi5WXoynOaQ93ERIuq3O8RBTOUYDKszUCEHw=="],

    "acorn": ["acorn@8.15.0", "", { "bin": { "acorn": "bin/acorn" } }, "sha512-NZyJarBfL7nWwIq+FDL6Zp/yHEhePMNnnJ0y3qfieCrmNvYct8uvtiV41UvlSe6apAfk0fY1FbWx+NwfmpvtTg=="],

    "acorn-jsx": ["acorn-jsx@5.3.2", "", { "peerDependencies": { "acorn": "^6.0.0 || ^7.0.0 || ^8.0.0" } }, "sha512-rq9s+JNhf0IChjtDXxllJ7g41oZk5SlXtp0LHwyA5cejwn7vKmKp4pPri6YEePv2PU65sAsegbXtIinmDFDXgQ=="],

    "ajv": ["ajv@6.12.6", "", { "dependencies": { "fast-deep-equal": "^3.1.1", "fast-json-stable-stringify": "^2.0.0", "json-schema-traverse": "^0.4.1", "uri-js": "^4.2.2" } }, "sha512-j3fVLgvTo527anyYyJOGTYJbG+vnnQYvE0m5mmkc1TK+nxAppkCLMIL0aZ4dblVCNoGShhm+kzE4ZUykBoMg4g=="],

    "ansi-regex": ["ansi-regex@6.1.0", "", {}, "sha512-7HSX4QQb4CspciLpVFwyRe79O3xsIZDDLER21kERQ71oaPodF8jL725AgJMFAYbooIqolJoRLuM81SpeUkpkvA=="],

    "ansi-styles": ["ansi-styles@4.3.0", "", { "dependencies": { "color-convert": "^2.0.1" } }, "sha512-zbB9rCJAT1rbjiVDb2hqKFHNYLxgtk8NURxZ3IZwD3F6NtxbXZQCnnSi1Lkx+IDohdPlFp222wVALIheZJQSEg=="],

    "argparse": ["argparse@2.0.1", "", {}, "sha512-8+9WqebbFzpX9OR+Wa6O29asIogeRMzcGtAINdpMHHyAg10f05aSFVBbcEqGf/PXw1EjAZ+q2/bEBg3DvurK3Q=="],

    "balanced-match": ["balanced-match@1.0.2", "", {}, "sha512-3oSeUO0TMV67hN1AmbXsK4yaqU7tjiHlbxRDZOpH0KW9+CeX4bRAaX0Anxt0tx2MrpRpWwQaPwIlISEJhYU5Pw=="],

    "brace-expansion": ["brace-expansion@1.1.12", "", { "dependencies": { "balanced-match": "^1.0.0", "concat-map": "0.0.1" } }, "sha512-9T9UjW3r0UW5c1Q7GTwllptXwhvYmEzFhzMfZ9H7FQWt+uZePjZPjBP/W1ZEyZ1twGWom5/56TF4lPcqjnDHcg=="],

    "braces": ["braces@3.0.3", "", { "dependencies": { "fill-range": "^7.1.1" } }, "sha512-yQbXgO/OSZVD2IsiLlro+7Hf6Q18EJrKSEsdoMzKePKXct3gvD8oLcOQdIzGupr5Fj+EDe8gO/lxc1BzfMpxvA=="],

    "callsites": ["callsites@3.1.0", "", {}, "sha512-P8BjAsXvZS+VIDUI11hHCQEv74YT67YUi5JJFNWIqL235sBmjX4+qx9Muvls5ivyNENctx46xQLQ3aTuE7ssaQ=="],

    "chalk": ["chalk@4.1.2", "", { "dependencies": { "ansi-styles": "^4.1.0", "supports-color": "^7.1.0" } }, "sha512-oKnbhFyRIXpUuez8iBMmyEa4nbj4IOQyuhc/wy9kY7/WVPcwIO9VA668Pu8RkO7+0G76SLROeyw9CpQ061i4mA=="],

    "charenc": ["charenc@0.0.2", "", {}, "sha512-yrLQ/yVUFXkzg7EDQsPieE/53+0RlaWTs+wBrvW36cyilJ2SaDWfl4Yj7MtLTXleV9uEKefbAGUPv2/iWSooRA=="],

    "color-convert": ["color-convert@2.0.1", "", { "dependencies": { "color-name": "~1.1.4" } }, "sha512-RRECPsj7iu/xb5oKYcsFHSppFNnsj/52OVTRKb4zP5onXwVF3zVmmToNcOfGC+CRDpfK/U584fMg38ZHCaElKQ=="],

    "color-name": ["color-name@1.1.4", "", {}, "sha512-dOy+3AuW3a2wNbZHIuMZpTcgjGuLU/uBL/ubcZF9OXbDo8ff4O8yVp5Bf0efS8uEoYo5q4Fx7dY9OgQGXgAsQA=="],

    "concat-map": ["concat-map@0.0.1", "", {}, "sha512-/Srv4dswyQNBfohGpz9o6Yb3Gz3SrUDqBH5rTuhGR7ahtlbYKnVxw2bCFMRljaA7EXHaXZ8wsHdodFvbkhKmqg=="],

    "cross-spawn": ["cross-spawn@7.0.6", "", { "dependencies": { "path-key": "^3.1.0", "shebang-command": "^2.0.0", "which": "^2.0.1" } }, "sha512-uV2QOWP2nWzsy2aMp8aRibhi9dlzF5Hgh5SHaB9OiTGEyDTiJJyx0uy51QXdyWbtAHNua4XJzUKca3OzKUd3vA=="],

    "crypt": ["crypt@0.0.2", "", {}, "sha512-mCxBlsHFYh9C+HVpiEacem8FEBnMXgU9gy4zmNC+SXAZNB/1idgp/aulFJ4FgCi7GPEVbfyng092GqL2k2rmow=="],

    "date-fns": ["date-fns@4.1.0", "", {}, "sha512-Ukq0owbQXxa/U3EGtsdVBkR1w7KOQ5gIBqdH2hkvknzZPYvBxb/aa6E8L7tmjFtkwZBu3UXBbjIgPo/Ez4xaNg=="],

    "debug": ["debug@4.4.1", "", { "dependencies": { "ms": "^2.1.3" } }, "sha512-KcKCqiftBJcZr++7ykoDIEwSa3XWowTfNPo92BYxjXiyYEVrUQh2aLyhxBCwww+heortUFxEJYcRzosstTEBYQ=="],

    "deep-is": ["deep-is@0.1.4", "", {}, "sha512-oIPzksmTg4/MriiaYGO+okXDT7ztn/w3Eptv/+gSIdMdKsJo0u4CfYNFJPy+4SKMuCqGw2wxnA+URMg3t8a/bQ=="],

    "eastasianwidth": ["eastasianwidth@0.2.0", "", {}, "sha512-I88TYZWc9XiYHRQ4/3c5rjjfgkjhLyW2luGIheGERbNQ6OY7yTybanSpDXZa8y7VUP9YmDcYa+eyq4ca7iLqWA=="],

    "emoji-regex": ["emoji-regex@9.2.2", "", {}, "sha512-L18DaJsXSUk2+42pv8mLs5jJT2hqFkFE4j21wOmgbUqsZ2hL72NsUU785g9RXgo3s0ZNgVl42TiHp3ZtOv/Vyg=="],

    "esbuild": ["esbuild@0.25.0", "", { "optionalDependencies": { "@esbuild/aix-ppc64": "0.25.0", "@esbuild/android-arm": "0.25.0", "@esbuild/android-arm64": "0.25.0", "@esbuild/android-x64": "0.25.0", "@esbuild/darwin-arm64": "0.25.0", "@esbuild/darwin-x64": "0.25.0", "@esbuild/freebsd-arm64": "0.25.0", "@esbuild/freebsd-x64": "0.25.0", "@esbuild/linux-arm": "0.25.0", "@esbuild/linux-arm64": "0.25.0", "@esbuild/linux-ia32": "0.25.0", "@esbuild/linux-loong64": "0.25.0", "@esbuild/linux-mips64el": "0.25.0", "@esbuild/linux-ppc64": "0.25.0", "@esbuild/linux-riscv64": "0.25.0", "@esbuild/linux-s390x": "0.25.0", "@esbuild/linux-x64": "0.25.0", "@esbuild/netbsd-arm64": "0.25.0", "@esbuild/netbsd-x64": "0.25.0", "@esbuild/openbsd-arm64": "0.25.0", "@esbuild/openbsd-x64": "0.25.0", "@esbuild/sunos-x64": "0.25.0", "@esbuild/win32-arm64": "0.25.0", "@esbuild/win32-ia32": "0.25.0", "@esbuild/win32-x64": "0.25.0" }, "bin": { "esbuild": "bin/esbuild" } }, "sha512-BXq5mqc8ltbaN34cDqWuYKyNhX8D/Z0J1xdtdQ8UcIIIyJyz+ZMKUt58tF3SrZ85jcfN/PZYhjR5uDQAYNVbuw=="],

    "escape-string-regexp": ["escape-string-regexp@4.0.0", "", {}, "sha512-TtpcNJ3XAzx3Gq8sWRzJaVajRs0uVxA2YAkdb1jm2YkPz4G6egUFAyA3n5vtEIZefPk5Wa4UXbKuS5fKkJWdgA=="],

    "eslint": ["eslint@9.34.0", "", { "dependencies": { "@eslint-community/eslint-utils": "^4.2.0", "@eslint-community/regexpp": "^4.12.1", "@eslint/config-array": "^0.21.0", "@eslint/config-helpers": "^0.3.1", "@eslint/core": "^0.15.2", "@eslint/eslintrc": "^3.3.1", "@eslint/js": "9.34.0", "@eslint/plugin-kit": "^0.3.5", "@humanfs/node": "^0.16.6", "@humanwhocodes/module-importer": "^1.0.1", "@humanwhocodes/retry": "^0.4.2", "@types/estree": "^1.0.6", "@types/json-schema": "^7.0.15", "ajv": "^6.12.4", "chalk": "^4.0.0", "cross-spawn": "^7.0.6", "debug": "^4.3.2", "escape-string-regexp": "^4.0.0", "eslint-scope": "^8.4.0", "eslint-visitor-keys": "^4.2.1", "espree": "^10.4.0", "esquery": "^1.5.0", "esutils": "^2.0.2", "fast-deep-equal": "^3.1.3", "file-entry-cache": "^8.0.0", "find-up": "^5.0.0", "glob-parent": "^6.0.2", "ignore": "^5.2.0", "imurmurhash": "^0.1.4", "is-glob": "^4.0.0", "json-stable-stringify-without-jsonify": "^1.0.1", "lodash.merge": "^4.6.2", "minimatch": "^3.1.2", "natural-compare": "^1.4.0", "optionator": "^0.9.3" }, "peerDependencies": { "jiti": "*" }, "optionalPeers": ["jiti"], "bin": { "eslint": "bin/eslint.js" } }, "sha512-RNCHRX5EwdrESy3Jc9o8ie8Bog+PeYvvSR8sDGoZxNFTvZ4dlxUB3WzQ3bQMztFrSRODGrLLj8g6OFuGY/aiQg=="],

    "eslint-scope": ["eslint-scope@8.4.0", "", { "dependencies": { "esrecurse": "^4.3.0", "estraverse": "^5.2.0" } }, "sha512-sNXOfKCn74rt8RICKMvJS7XKV/Xk9kA7DyJr8mJik3S7Cwgy3qlkkmyS2uQB3jiJg6VNdZd/pDBJu0nvG2NlTg=="],

    "eslint-visitor-keys": ["eslint-visitor-keys@4.2.1", "", {}, "sha512-Uhdk5sfqcee/9H/rCOJikYz67o0a2Tw2hGRPOG2Y1R2dg7brRe1uG0yaNQDHu+TO/uQPF/5eCapvYSmHUjt7JQ=="],

    "espree": ["espree@10.4.0", "", { "dependencies": { "acorn": "^8.15.0", "acorn-jsx": "^5.3.2", "eslint-visitor-keys": "^4.2.1" } }, "sha512-j6PAQ2uUr79PZhBjP5C5fhl8e39FmRnOjsD5lGnWrFU8i2G776tBK7+nP8KuQUTTyAZUwfQqXAgrVH5MbH9CYQ=="],

    "esquery": ["esquery@1.6.0", "", { "dependencies": { "estraverse": "^5.1.0" } }, "sha512-ca9pw9fomFcKPvFLXhBKUK90ZvGibiGOvRJNbjljY7s7uq/5YO4BOzcYtJqExdx99rF6aAcnRxHmcUHcz6sQsg=="],

    "esrecurse": ["esrecurse@4.3.0", "", { "dependencies": { "estraverse": "^5.2.0" } }, "sha512-KmfKL3b6G+RXvP8N1vr3Tq1kL/oCFgn2NYXEtqP8/L3pKapUA4G8cFVaoF3SU323CD4XypR/ffioHmkti6/Tag=="],

    "estraverse": ["estraverse@5.3.0", "", {}, "sha512-MMdARuVEQziNTeJD8DgMqmhwR11BRQ/cBP+pLtYdSTnf3MIO8fFeiINEbX36ZdNlfU/7A9f3gUw49B3oQsvwBA=="],

    "esutils": ["esutils@2.0.3", "", {}, "sha512-kVscqXk4OCp68SZ0dkgEKVi6/8ij300KBWTJq32P/dYeWTSwK41WyTxalN1eRmA5Z9UU/LX9D7FWSmV9SAYx6g=="],

    "fast-deep-equal": ["fast-deep-equal@3.1.3", "", {}, "sha512-f3qQ9oQy9j2AhBe/H9VC91wLmKBCCU/gDOnKNAYG5hswO7BLKj09Hc5HYNz9cGI++xlpDCIgDaitVs03ATR84Q=="],

    "fast-glob": ["fast-glob@3.3.3", "", { "dependencies": { "@nodelib/fs.stat": "^2.0.2", "@nodelib/fs.walk": "^1.2.3", "glob-parent": "^5.1.2", "merge2": "^1.3.0", "micromatch": "^4.0.8" } }, "sha512-7MptL8U0cqcFdzIzwOTHoilX9x5BrNqye7Z/LuC7kCMRio1EMSyqRK3BEAUD7sXRq4iT4AzTVuZdhgQ2TCvYLg=="],

    "fast-json-stable-stringify": ["fast-json-stable-stringify@2.1.0", "", {}, "sha512-lhd/wF+Lk98HZoTCtlVraHtfh5XYijIjalXck7saUtuanSDyLMxnHhSXEDJqHxD7msR8D0uCmqlkwjCV8xvwHw=="],

    "fast-levenshtein": ["fast-levenshtein@2.0.6", "", {}, "sha512-DCXu6Ifhqcks7TZKY3Hxp3y6qphY5SJZmrWMDrKcERSOXWQdMhU9Ig/PYrzyw/ul9jOIyh0N4M0tbC5hodg8dw=="],

    "fastq": ["fastq@1.19.1", "", { "dependencies": { "reusify": "^1.0.4" } }, "sha512-GwLTyxkCXjXbxqIhTsMI2Nui8huMPtnxg7krajPJAjnEG/iiOS7i+zCtWGZR9G0NBKbXKh6X9m9UIsYX/N6vvQ=="],

    "feed": ["feed@5.1.0", "", { "dependencies": { "xml-js": "^1.6.11" } }, "sha512-qGNhgYygnefSkAHHrNHqC7p3R8J0/xQDS/cYUud8er/qD9EFGWyCdUDfULHTJQN1d3H3WprzVwMc9MfB4J50Wg=="],

    "file-entry-cache": ["file-entry-cache@8.0.0", "", { "dependencies": { "flat-cache": "^4.0.0" } }, "sha512-XXTUwCvisa5oacNGRP9SfNtYBNAMi+RPwBFmblZEF7N7swHYQS6/Zfk7SRwx4D5j3CH211YNRco1DEMNVfZCnQ=="],

    "fill-range": ["fill-range@7.1.1", "", { "dependencies": { "to-regex-range": "^5.0.1" } }, "sha512-YsGpe3WHLK8ZYi4tWDg2Jy3ebRz2rXowDxnld4bkQB00cc/1Zw9AWnC0i9ztDJitivtQvaI9KaLyKrc+hBW0yg=="],

    "find-up": ["find-up@5.0.0", "", { "dependencies": { "locate-path": "^6.0.0", "path-exists": "^4.0.0" } }, "sha512-78/PXT1wlLLDgTzDs7sjq9hzz0vXD+zn+7wypEe4fXQxCmdmqfGsEPQxmiCSQI3ajFV91bVSsvNtrJRiW6nGng=="],

    "flat-cache": ["flat-cache@4.0.1", "", { "dependencies": { "flatted": "^3.2.9", "keyv": "^4.5.4" } }, "sha512-f7ccFPK3SXFHpx15UIGyRJ/FJQctuKZ0zVuN3frBo4HnK3cay9VEW0R6yPYFHC0AgqhukPzKjq22t5DmAyqGyw=="],

    "flatted": ["flatted@3.3.3", "", {}, "sha512-GX+ysw4PBCz0PzosHDepZGANEuFCMLrnRTiEy9McGjmkCQYwRq4A/X786G/fjM/+OjsWSU1ZrY5qyARZmO/uwg=="],

    "foreground-child": ["foreground-child@3.3.0", "", { "dependencies": { "cross-spawn": "^7.0.0", "signal-exit": "^4.0.1" } }, "sha512-Ld2g8rrAyMYFXBhEqMz8ZAHBi4J4uS1i/CxGMDnjyFWddMXLVcDp051DZfu+t7+ab7Wv6SMqpWmyFIj5UbfFvg=="],

    "fp-ts": ["fp-ts@2.16.11", "", {}, "sha512-LaI+KaX2NFkfn1ZGHoKCmcfv7yrZsC3b8NtWsTVQeHkq4F27vI5igUuO53sxqDEa2gNQMHFPmpojDw/1zmUK7w=="],

    "fsevents": ["fsevents@2.3.2", "", { "os": "darwin" }, "sha512-xiqMQR4xAeHTuB9uWm+fFRcIOgKBMiOBP+eXiyT7jsgVCq1bkVygt00oASowB7EdtpOHaaPgKt812P9ab+DDKA=="],

    "get-tsconfig": ["get-tsconfig@4.8.1", "", { "dependencies": { "resolve-pkg-maps": "^1.0.0" } }, "sha512-k9PN+cFBmaLWtVz29SkUoqU5O0slLuHJXt/2P+tMVFT+phsSGXGkp9t3rQIqdz0e+06EHNGs3oM6ZX1s2zHxRg=="],

    "glob": ["glob@11.0.0", "", { "dependencies": { "foreground-child": "^3.1.0", "jackspeak": "^4.0.1", "minimatch": "^10.0.0", "minipass": "^7.1.2", "package-json-from-dist": "^1.0.0", "path-scurry": "^2.0.0" }, "bin": { "glob": "dist/esm/bin.mjs" } }, "sha512-9UiX/Bl6J2yaBbxKoEBRm4Cipxgok8kQYcOPEhScPwebu2I0HoQOuYdIO6S3hLuWoZgpDpwQZMzTFxgpkyT76g=="],

    "glob-parent": ["glob-parent@6.0.2", "", { "dependencies": { "is-glob": "^4.0.3" } }, "sha512-XxwI8EOhVQgWp6iDL+3b0r86f4d6AX6zSU55HfB4ydCEuXLXc5FcYeOu+nnGftS4TEju/11rt4KJPTMgbfmv4A=="],

    "globals": ["globals@14.0.0", "", {}, "sha512-oahGvuMGQlPw/ivIYBjVSrWAfWLBeku5tpPE2fOPLi+WHffIWbuh2tCjhyQhTBPMf5E9jDEH4FOmTYgYwbKwtQ=="],

    "graphemer": ["graphemer@1.4.0", "", {}, "sha512-EtKwoO6kxCL9WO5xipiHTZlSzBm7WLT627TqC/uVRd0HKmq8NXyebnNYxDoBi7wt8eTWrUrKXCOVaFq9x1kgag=="],

    "has-flag": ["has-flag@4.0.0", "", {}, "sha512-EykJT/Q1KjTWctppgIAgfSO0tKVuZUjhgMr17kqTumMl6Afv3EISleU7qZUzoXDFTAHTDC4NOoG/ZxU3EvlMPQ=="],

    "ignore": ["ignore@5.3.2", "", {}, "sha512-hsBTNUqQTDwkWtcdYI2i06Y/nUBEsNEDJKjWdigLvegy8kDuJAS8uRlpkkcQpyEXL0Z/pjDy5HBmMjRCJ2gq+g=="],

    "import-fresh": ["import-fresh@3.3.1", "", { "dependencies": { "parent-module": "^1.0.0", "resolve-from": "^4.0.0" } }, "sha512-TR3KfrTZTYLPB6jUjfx6MF9WcWrHL9su5TObK4ZkYgBdWKPOFoSoQIdEuTuR82pmtxH2spWG9h6etwfr1pLBqQ=="],

    "imurmurhash": ["imurmurhash@0.1.4", "", {}, "sha512-JmXMZ6wuvDmLiHEml9ykzqO6lwFbof0GG4IkcGaENdCRDDmMVnny7s5HsIgHCbaq0w2MyPhDqkhTUgS2LU2PHA=="],

    "is-buffer": ["is-buffer@1.1.6", "", {}, "sha512-NcdALwpXkTm5Zvvbk7owOUSvVvBKDgKP5/ewfXEznmQFfs4ZRmanOeKBTjRVjka3QFoN6XJ+9F3USqfHqTaU5w=="],

    "is-extglob": ["is-extglob@2.1.1", "", {}, "sha512-SbKbANkN603Vi4jEZv49LeVJMn4yGwsbzZworEoyEiutsN3nJYdbO36zfhGJ6QEDpOZIFkDtnq5JRxmvl3jsoQ=="],

    "is-fullwidth-code-point": ["is-fullwidth-code-point@3.0.0", "", {}, "sha512-zymm5+u+sCsSWyD9qNaejV3DFvhCKclKdizYaJUuHA83RLjb7nSuGnddCHGv0hk+KY7BMAlsWeK4Ueg6EV6XQg=="],

    "is-glob": ["is-glob@4.0.3", "", { "dependencies": { "is-extglob": "^2.1.1" } }, "sha512-xelSayHH36ZgE7ZWhli7pW34hNbNl8Ojv5KVmkJD4hBdD3th8Tfk9vYasLM+mXWOZhFkgZfxhLSnrwRr4elSSg=="],

    "is-number": ["is-number@7.0.0", "", {}, "sha512-41Cifkg6e8TylSpdtTpeLVMqvSBEVzTttHvERD741+pnZ8ANv0004MRL43QKPDlK9cGvNp6NZWZUBlbGXYxxng=="],

    "isexe": ["isexe@2.0.0", "", {}, "sha512-RHxMLp9lnKHGHRng9QFhRCMbYAcVpn69smSGcq3f36xjgVVWThj4qqLbTLlq7Ssj8B+fIQ1EuCEGI2lKsyQeIw=="],

    "jackspeak": ["jackspeak@4.0.2", "", { "dependencies": { "@isaacs/cliui": "^8.0.2" } }, "sha512-bZsjR/iRjl1Nk1UkjGpAzLNfQtzuijhn2g+pbZb98HQ1Gk8vM9hfbxeMBP+M2/UUdwj0RqGG3mlvk2MsAqwvEw=="],

    "js-yaml": ["js-yaml@4.1.0", "", { "dependencies": { "argparse": "^2.0.1" }, "bin": { "js-yaml": "bin/js-yaml.js" } }, "sha512-wpxZs9NoxZaJESJGIZTyDEaYpl0FKSA+FB9aJiyemKhMwkxQg63h4T1KJgUGHpTqPDNRcmmYLugrRjJlBtWvRA=="],

    "json-buffer": ["json-buffer@3.0.1", "", {}, "sha512-4bV5BfR2mqfQTJm+V5tPPdf+ZpuhiIvTuAB5g8kcrXOZpTT/QwwVRWBywX1ozr6lEuPdbHxwaJlm9G6mI2sfSQ=="],

    "json-schema-traverse": ["json-schema-traverse@0.4.1", "", {}, "sha512-xbbCH5dCYU5T8LcEhhuh7HJ88HXuW3qsI3Y0zOZFKfZEHcpWiHU/Jxzk629Brsab/mMiHQti9wMP+845RPe3Vg=="],

    "json-stable-stringify-without-jsonify": ["json-stable-stringify-without-jsonify@1.0.1", "", {}, "sha512-Bdboy+l7tA3OGW6FjyFHWkP5LuByj1Tk33Ljyq0axyzdk9//JSi2u3fP1QSmd1KNwq6VOKYGlAu87CisVir6Pw=="],

    "keyv": ["keyv@4.5.4", "", { "dependencies": { "json-buffer": "3.0.1" } }, "sha512-oxVHkHR/EJf2CNXnWxRLW6mg7JyCCUcG0DtEGmL2ctUo1PNTin1PUil+r/+4r5MpVgC/fn1kjsx7mjSujKqIpw=="],

    "levn": ["levn@0.4.1", "", { "dependencies": { "prelude-ls": "^1.2.1", "type-check": "~0.4.0" } }, "sha512-+bT2uH4E5LGE7h/n3evcS/sQlJXCpIp6ym8OWJ5eV6+67Dsql/LaaT7qJBAt2rzfoa/5QBGBhxDix1dMt2kQKQ=="],

    "locate-path": ["locate-path@6.0.0", "", { "dependencies": { "p-locate": "^5.0.0" } }, "sha512-iPZK6eYjbxRu3uB4/WZ3EsEIMJFMqAoopl3R+zuq0UjcAm/MO6KCweDgPfP3elTztoKP3KtnVHxTn2NHBSDVUw=="],

    "lodash.merge": ["lodash.merge@4.6.2", "", {}, "sha512-0KpjqXRVvrYyCsX1swR/XTK0va6VQkQM6MNo7PqW77ByjAhoARA8EfrP1N4+KlKj8YS0ZUCtRT/YUuhyYDujIQ=="],

    "lru-cache": ["lru-cache@11.0.1", "", {}, "sha512-CgeuL5uom6j/ZVrg7G/+1IXqRY8JXX4Hghfy5YE0EhoYQWvndP1kufu58cmZLNIDKnRhZrXfdS9urVWx98AipQ=="],

    "md5": ["md5@2.3.0", "", { "dependencies": { "charenc": "0.0.2", "crypt": "0.0.2", "is-buffer": "~1.1.6" } }, "sha512-T1GITYmFaKuO91vxyoQMFETst+O71VUPEU3ze5GNzDm0OWdP8v1ziTaAEPUr/3kLsY3Sftgz242A1SetQiDL7g=="],

    "merge2": ["merge2@1.4.1", "", {}, "sha512-8q7VEgMJW4J8tcfVPy8g09NcQwZdbwFEqhe/WZkoIzjn/3TGDwtOCYtXGxA3O8tPzpczCCDgv+P2P5y00ZJOOg=="],

    "micromatch": ["micromatch@4.0.8", "", { "dependencies": { "braces": "^3.0.3", "picomatch": "^2.3.1" } }, "sha512-PXwfBhYu0hBCPw8Dn0E+WDYb7af3dSLVWKi3HGv84IdF4TyFoC0ysxFd0Goxw7nSv4T/PzEJQxsYsEiFCKo2BA=="],

    "minimatch": ["minimatch@3.1.2", "", { "dependencies": { "brace-expansion": "^1.1.7" } }, "sha512-J7p63hRiAjw1NDEww1W7i37+ByIrOWO5XQQAzZ3VOcL0PNybwpfmV/N05zFAzwQ9USyEcX6t3UO+K5aqBQOIHw=="],

    "minipass": ["minipass@7.1.2", "", {}, "sha512-qOOzS1cBTWYF4BH8fVePDBOO9iptMnGUEZwNc/cMWnTV2nVLZ7VoNWEPHkYczZA0pdoA7dl6e7FL659nX9S2aw=="],

    "ms": ["ms@2.1.3", "", {}, "sha512-6FlzubTLZG3J2a/NVCAleEhjzq5oxgHyaCU9yYXvcLsvoVaHJq/s5xXI6/XXP6tz7R9xAOtHnSO/tXtF3WRTlA=="],

    "natural-compare": ["natural-compare@1.4.0", "", {}, "sha512-OWND8ei3VtNC9h7V60qff3SVobHr996CTwgxubgyQYEpg290h9J0buyECNNJexkFm5sOajh5G116RYA1c8ZMSw=="],

    "optionator": ["optionator@0.9.4", "", { "dependencies": { "deep-is": "^0.1.3", "fast-levenshtein": "^2.0.6", "levn": "^0.4.1", "prelude-ls": "^1.2.1", "type-check": "^0.4.0", "word-wrap": "^1.2.5" } }, "sha512-6IpQ7mKUxRcZNLIObR0hz7lxsapSSIYNZJwXPGeF0mTVqGKFIXj1DQcMoT22S3ROcLyY/rz0PWaWZ9ayWmad9g=="],

    "p-limit": ["p-limit@3.1.0", "", { "dependencies": { "yocto-queue": "^0.1.0" } }, "sha512-TYOanM3wGwNGsZN2cVTYPArw454xnXj5qmWF1bEoAc4+cU/ol7GVh7odevjp1FNHduHc3KZMcFduxU5Xc6uJRQ=="],

    "p-locate": ["p-locate@5.0.0", "", { "dependencies": { "p-limit": "^3.0.2" } }, "sha512-LaNjtRWUBY++zB5nE/NwcaoMylSPk+S+ZHNB1TzdbMJMny6dynpAGt7X/tl/QYq3TIeE6nxHppbo2LGymrG5Pw=="],

    "package-json-from-dist": ["package-json-from-dist@1.0.1", "", {}, "sha512-UEZIS3/by4OC8vL3P2dTXRETpebLI2NiI5vIrjaD/5UtrkFX/tNbwjTSRAGC/+7CAo2pIcBaRgWmcBBHcsaCIw=="],

    "parent-module": ["parent-module@1.0.1", "", { "dependencies": { "callsites": "^3.0.0" } }, "sha512-GQ2EWRpQV8/o+Aw8YqtfZZPfNRWZYkbidE9k5rpl/hC3vtHHBfGm2Ifi6qWV+coDGkrUKZAxE3Lot5kcsRlh+g=="],

    "path-exists": ["path-exists@4.0.0", "", {}, "sha512-ak9Qy5Q7jYb2Wwcey5Fpvg2KoAc/ZIhLSLOSBmRmygPsGwkVVt0fZa0qrtMz+m6tJTAHfZQ8FnmB4MG4LWy7/w=="],

    "path-key": ["path-key@3.1.1", "", {}, "sha512-ojmeN0qd+y0jszEtoY48r0Peq5dwMEkIlCOu6Q5f41lfkswXuKtYrhgoTpLnyIcHm24Uhqx+5Tqm2InSwLhE6Q=="],

    "path-scurry": ["path-scurry@2.0.0", "", { "dependencies": { "lru-cache": "^11.0.0", "minipass": "^7.1.2" } }, "sha512-ypGJsmGtdXUOeM5u93TyeIEfEhM6s+ljAhrk5vAvSx8uyY/02OvrZnA0YNGUrPXfpJMgI1ODd3nwz8Npx4O4cg=="],

    "picomatch": ["picomatch@2.3.1", "", {}, "sha512-JU3teHTNjmE2VCGFzuY8EXzCDVwEqB2a8fsIvwaStHhAWJEeVd1o1QD80CU6+ZdEXXSLbSsuLwJjkCBWqRQUVA=="],

    "playwright": ["playwright@1.55.0", "", { "dependencies": { "playwright-core": "1.55.0" }, "optionalDependencies": { "fsevents": "2.3.2" }, "bin": { "playwright": "cli.js" } }, "sha512-sdCWStblvV1YU909Xqx0DhOjPZE4/5lJsIS84IfN9dAZfcl/CIZ5O8l3o0j7hPMjDvqoTF8ZUcc+i/GL5erstA=="],

    "playwright-core": ["playwright-core@1.55.0", "", { "bin": { "playwright-core": "cli.js" } }, "sha512-GvZs4vU3U5ro2nZpeiwyb0zuFaqb9sUiAJuyrWpcGouD8y9/HLgGbNRjIph7zU9D3hnPaisMl9zG9CgFi/biIg=="],

    "prelude-ls": ["prelude-ls@1.2.1", "", {}, "sha512-vkcDPrRZo1QZLbn5RLGPpg/WmIQ65qoWWhcGKf/b5eplkkarX0m9z8ppCat4mlOqUsWpyNuYgO3VRyrYHSzX5g=="],

    "punycode": ["punycode@2.3.1", "", {}, "sha512-vYt7UD1U9Wg6138shLtLOvdAu+8DsC/ilFtEVHcH+wydcSpNE20AfSOduf6MkRFahL5FY7X1oU7nKVZFtfq8Fg=="],

    "queue-microtask": ["queue-microtask@1.2.3", "", {}, "sha512-NuaNSa6flKT5JaSYQzJok04JzTL1CA6aGhv5rfLW3PgqA+M2ChpZQnAC8h8i4ZFkBS8X5RqkDBHA7r4hej3K9A=="],

    "resolve-from": ["resolve-from@4.0.0", "", {}, "sha512-pb/MYmXstAkysRFx8piNI1tGFNQIFA3vkE3Gq4EuA1dF6gHp/+vgZqsCGJapvy8N3Q+4o7FwvquPJcnZ7RYy4g=="],

    "resolve-pkg-maps": ["resolve-pkg-maps@1.0.0", "", {}, "sha512-seS2Tj26TBVOC2NIc2rOe2y2ZO7efxITtLZcGSOnHHNOQ7CkiUBfw0Iw2ck6xkIhPwLhKNLS8BO+hEpngQlqzw=="],

    "reusify": ["reusify@1.1.0", "", {}, "sha512-g6QUff04oZpHs0eG5p83rFLhHeV00ug/Yf9nZM6fLeUrPguBTkTQOdpAWWspMh55TZfVQDPaN3NQJfbVRAxdIw=="],

    "rimraf": ["rimraf@6.0.1", "", { "dependencies": { "glob": "^11.0.0", "package-json-from-dist": "^1.0.0" }, "bin": { "rimraf": "dist/esm/bin.mjs" } }, "sha512-9dkvaxAsk/xNXSJzMgFqqMCuFgt2+KsOFek3TMLfo8NCPfWpBmqwyNn5Y+NX56QUYfCtsyhF3ayiboEoUmJk/A=="],

    "run-parallel": ["run-parallel@1.2.0", "", { "dependencies": { "queue-microtask": "^1.2.2" } }, "sha512-5l4VyZR86LZ/lDxZTR6jqL8AFE2S0IFLMP26AbjsLVADxHdhB/c0GUsH+y39UfCi3dzz8OlQuPmnaJOMoDHQBA=="],

    "sax": ["sax@1.4.1", "", {}, "sha512-+aWOz7yVScEGoKNd4PA10LZ8sk0A/z5+nXQG5giUO5rprX9jgYsTdov9qCchZiPIZezbZH+jRut8nPodFAX4Jg=="],

    "semver": ["semver@7.7.2", "", { "bin": { "semver": "bin/semver.js" } }, "sha512-RF0Fw+rO5AMf9MAyaRXI4AV0Ulj5lMHqVxxdSgiVbixSCXoEmmX/jk0CuJw4+3SqroYO9VoUh+HcuJivvtJemA=="],

    "shebang-command": ["shebang-command@2.0.0", "", { "dependencies": { "shebang-regex": "^3.0.0" } }, "sha512-kHxr2zZpYtdmrN1qDjrrX/Z1rR1kG8Dx+gkpK1G4eXmvXswmcE1hTWBWYUzlraYw1/yZp6YuDY77YtvbN0dmDA=="],

    "shebang-regex": ["shebang-regex@3.0.0", "", {}, "sha512-7++dFhtcx3353uBaq8DDR4NuxBetBzC7ZQOhmTQInHEd6bSrXdiEyzCvG07Z44UYdLShWUyXt5M/yhz8ekcb1A=="],

    "signal-exit": ["signal-exit@4.1.0", "", {}, "sha512-bzyZ1e88w9O1iNJbKnOlvYTrWPDl46O1bG0D3XInv+9tkPrxrN8jUUTiFlDkkmKWgn1M6CfIA13SuGqOa9Korw=="],

    "string-width": ["string-width@5.1.2", "", { "dependencies": { "eastasianwidth": "^0.2.0", "emoji-regex": "^9.2.2", "strip-ansi": "^7.0.1" } }, "sha512-HnLOCR3vjcY8beoNLtcjZ5/nxn2afmME6lhrDrebokqMap+XbeW8n9TXpPDOqdGK5qcI3oT0GKTW6wC7EMiVqA=="],

    "string-width-cjs": ["string-width@4.2.3", "", { "dependencies": { "emoji-regex": "^8.0.0", "is-fullwidth-code-point": "^3.0.0", "strip-ansi": "^6.0.1" } }, "sha512-wKyQRQpjJ0sIp62ErSZdGsjMJWsap5oRNihHhu6G7JVO/9jIB6UyevL+tXuOqrng8j/cxKTWyWUwvSTriiZz/g=="],

    "strip-ansi": ["strip-ansi@7.1.0", "", { "dependencies": { "ansi-regex": "^6.0.1" } }, "sha512-iq6eVVI64nQQTRYq2KtEg2d2uU7LElhTJwsH4YzIHZshxlgZms/wIc4VoDQTlG/IvVIrBKG06CrZnp0qv7hkcQ=="],

    "strip-ansi-cjs": ["strip-ansi@6.0.1", "", { "dependencies": { "ansi-regex": "^5.0.1" } }, "sha512-Y38VPSHcqkFrCpFnQ9vuSXmquuv5oXOKpGeT6aGrr3o3Gc9AlVa6JBfUSOCnbxGGZF+/0ooI7KrPuUSztUdU5A=="],

    "strip-json-comments": ["strip-json-comments@3.1.1", "", {}, "sha512-6fPc+R4ihwqP6N/aIv2f1gMH8lOVtWQHoqC4yK6oSDVVocumAsfCqjkXnqiYMhmMwS/mEHLp7Vehlt3ql6lEig=="],

    "supports-color": ["supports-color@7.2.0", "", { "dependencies": { "has-flag": "^4.0.0" } }, "sha512-qpCAvRl9stuOHveKsn7HncJRvv501qIacKzQlO/+Lwxc9+0q2wLyv4Dfvt80/DPn2pqOBsJdDiogXGR9+OvwRw=="],

    "to-regex-range": ["to-regex-range@5.0.1", "", { "dependencies": { "is-number": "^7.0.0" } }, "sha512-65P7iz6X5yEr1cwcgvQxbbIw7Uk3gOy5dIdtZ4rDveLqhrdJP+Li/Hx6tyK0NEb+2GCyneCMJiGqrADCSNk8sQ=="],

    "ts-api-utils": ["ts-api-utils@2.1.0", "", { "peerDependencies": { "typescript": ">=4.8.4" } }, "sha512-CUgTZL1irw8u29bzrOD/nH85jqyc74D6SshFgujOIA7osm2Rz7dYH77agkx7H4FBNxDq7Cjf+IjaX/8zwFW+ZQ=="],

    "tsx": ["tsx@4.20.4", "", { "dependencies": { "esbuild": "~0.25.0", "get-tsconfig": "^4.7.5" }, "optionalDependencies": { "fsevents": "~2.3.3" }, "bin": { "tsx": "dist/cli.mjs" } }, "sha512-yyxBKfORQ7LuRt/BQKBXrpcq59ZvSW0XxwfjAt3w2/8PmdxaFzijtMhTawprSHhpzeM5BgU2hXHG3lklIERZXg=="],

    "type-check": ["type-check@0.4.0", "", { "dependencies": { "prelude-ls": "^1.2.1" } }, "sha512-XleUoc9uwGXqjWwXaUTZAmzMcFZ5858QA2vvx1Ur5xIcixXIP+8LnFDgRplU30us6teqdlskFfu+ae4K79Ooew=="],

    "typescript": ["typescript@5.9.2", "", { "bin": { "tsc": "bin/tsc", "tsserver": "bin/tsserver" } }, "sha512-CWBzXQrc/qOkhidw1OzBTQuYRbfyxDXJMVJ1XNwUHGROVmuaeiEm3OslpZ1RV96d7SKKjZKrSJu3+t/xlw3R9A=="],

    "typescript-eslint": ["typescript-eslint@8.43.0", "", { "dependencies": { "@typescript-eslint/eslint-plugin": "8.43.0", "@typescript-eslint/parser": "8.43.0", "@typescript-eslint/typescript-estree": "8.43.0", "@typescript-eslint/utils": "8.43.0" }, "peerDependencies": { "eslint": "^8.57.0 || ^9.0.0", "typescript": ">=4.8.4 <6.0.0" } }, "sha512-FyRGJKUGvcFekRRcBKFBlAhnp4Ng8rhe8tuvvkR9OiU0gfd4vyvTRQHEckO6VDlH57jbeUQem2IpqPq9kLJH+w=="],

    "undici-types": ["undici-types@7.10.0", "", {}, "sha512-t5Fy/nfn+14LuOc2KNYg75vZqClpAiqscVvMygNnlsHBFpSXdJaYtXMcdNLpl/Qvc3P2cB3s6lOV51nqsFq4ag=="],

    "uri-js": ["uri-js@4.4.1", "", { "dependencies": { "punycode": "^2.1.0" } }, "sha512-7rKUyy33Q1yc98pQ1DAmLtwX109F7TIfWlW1Ydo8Wl1ii1SeHieeh0HHfPeL2fMXK6z0s8ecKs9frCuLJvndBg=="],

    "which": ["which@2.0.2", "", { "dependencies": { "isexe": "^2.0.0" }, "bin": { "node-which": "./bin/node-which" } }, "sha512-BLI3Tl1TW3Pvl70l3yq3Y64i+awpwXqsGBYWkkqMtnbXgrMD+yj7rhW0kuEDxzJaYXGjEW5ogapKNMEKNMjibA=="],

    "word-wrap": ["word-wrap@1.2.5", "", {}, "sha512-BN22B5eaMMI9UMtjrGd5g5eCYPpCPDUy0FJXbYsaT5zYxjFOckS53SQDE3pWkVoWpHXVb3BrYcEN4Twa55B5cA=="],

    "wrap-ansi": ["wrap-ansi@8.1.0", "", { "dependencies": { "ansi-styles": "^6.1.0", "string-width": "^5.0.1", "strip-ansi": "^7.0.1" } }, "sha512-si7QWI6zUMq56bESFvagtmzMdGOtoxfR+Sez11Mobfc7tm+VkUckk9bW2UeffTGVUbOksxmSw0AA2gs8g71NCQ=="],

    "wrap-ansi-cjs": ["wrap-ansi@7.0.0", "", { "dependencies": { "ansi-styles": "^4.0.0", "string-width": "^4.1.0", "strip-ansi": "^6.0.0" } }, "sha512-YVGIj2kamLSTxw6NsZjoBxfSwsn0ycdesmc4p+Q21c5zPuZ1pl+NfxVdxPtdHvmNVOQ6XSYG4AUtyt/Fi7D16Q=="],

    "xml-js": ["xml-js@1.6.11", "", { "dependencies": { "sax": "^1.2.4" }, "bin": { "xml-js": "./bin/cli.js" } }, "sha512-7rVi2KMfwfWFl+GpPg6m80IVMWXLRjO+PxTq7V2CDhoGak0wzYzFgUY2m4XJ47OGdXd8eLE8EmwfAmdjw7lC1g=="],

    "yocto-queue": ["yocto-queue@0.1.0", "", {}, "sha512-rVksvsnNCdJ/ohGc6xgPwyN8eheCxsiLM8mxuE/t/mOVqJewPuO1miLpTHQiRgTKCLexL4MeAFVagts7HmNZ2Q=="],

    "@eslint-community/eslint-utils/eslint-visitor-keys": ["eslint-visitor-keys@3.4.3", "", {}, "sha512-wpc+LXeiyiisxPlEkUzU6svyS1frIO3Mgxj1fdy7Pm8Ygzguax2N3Fa/D/ag1WqbOprdI+uY6wMUl8/a2G+iag=="],

    "@humanfs/node/@humanwhocodes/retry": ["@humanwhocodes/retry@0.3.1", "", {}, "sha512-JBxkERygn7Bv/GbN5Rv8Ul6LVknS+5Bp6RgDC/O8gEBU/yeH5Ui5C/OlWrTb6qct7LjjfT6Re2NxB0ln0yYybA=="],

    "@typescript-eslint/eslint-plugin/ignore": ["ignore@7.0.5", "", {}, "sha512-Hs59xBNfUIunMFgWAbGX5cq6893IbWg4KnrjbYwX3tx0ztorVgTDA6B2sxf8ejHJ4wz8BqGUMYlnzNBer5NvGg=="],

    "@typescript-eslint/typescript-estree/minimatch": ["minimatch@9.0.5", "", { "dependencies": { "brace-expansion": "^2.0.1" } }, "sha512-G6T0ZX48xgozx7587koeX9Ys2NYy6Gmv//P89sEte9V9whIapMNF4idKxnW2QtCcLiTWlb/wfCabAtAFWhhBow=="],

    "fast-glob/glob-parent": ["glob-parent@5.1.2", "", { "dependencies": { "is-glob": "^4.0.1" } }, "sha512-AOIgSQCepiJYwP3ARnGx+5VnTu2HBYdzbGP45eLw1vr3zB3vZLeyed1sC9hnbcOc9/SrMyM5RPQrkGz4aS9Zow=="],

    "foreground-child/cross-spawn": ["cross-spawn@7.0.3", "", { "dependencies": { "path-key": "^3.1.0", "shebang-command": "^2.0.0", "which": "^2.0.1" } }, "sha512-iRDPJKUPVEND7dHPO8rkbOnPpyDygcDFtWjpeWNCgy8WP2rXcxXL8TskReQl6OrB2G7+UJrags1q15Fudc7G6w=="],

    "glob/minimatch": ["minimatch@10.0.1", "", { "dependencies": { "brace-expansion": "^2.0.1" } }, "sha512-ethXTt3SGGR+95gudmqJ1eNhRO7eGEGIgYA9vnPatK4/etz2MEVDno5GMCibdMTuBMyElzIlgxMna3K94XDIDQ=="],

    "string-width-cjs/emoji-regex": ["emoji-regex@8.0.0", "", {}, "sha512-MSjYzcWNOA0ewAHpz0MxpYFvwg6yjy1NG3xteoqz644VCo/RPgnr1/GGt+ic3iJTzQ8Eu3TdM14SawnVUmGE6A=="],

    "string-width-cjs/strip-ansi": ["strip-ansi@6.0.1", "", { "dependencies": { "ansi-regex": "^5.0.1" } }, "sha512-Y38VPSHcqkFrCpFnQ9vuSXmquuv5oXOKpGeT6aGrr3o3Gc9AlVa6JBfUSOCnbxGGZF+/0ooI7KrPuUSztUdU5A=="],

    "strip-ansi-cjs/ansi-regex": ["ansi-regex@5.0.1", "", {}, "sha512-quJQXlTSUGL2LH9SUXo8VwsY4soanhgo6LNSm84E1LBcE8s3O0wpdiRzyR9z/ZZJMlMWv37qOOb9pdJlMUEKFQ=="],

    "tsx/fsevents": ["fsevents@2.3.3", "", { "os": "darwin" }, "sha512-5xoDfX+fL7faATnagmWPpbFtwh/R77WmMMqqHGS65C3vvB0YHrgF+B1YmZ3441tMj5n63k0212XNoJwzlhffQw=="],

    "wrap-ansi/ansi-styles": ["ansi-styles@6.2.1", "", {}, "sha512-bN798gFfQX+viw3R7yrGWRqnrN2oRkEkUjjl4JNn4E8GxxbjtG3FbrEIIY3l8/hrwUwIeCZvi4QuOTP4MErVug=="],

    "wrap-ansi-cjs/string-width": ["string-width@4.2.3", "", { "dependencies": { "emoji-regex": "^8.0.0", "is-fullwidth-code-point": "^3.0.0", "strip-ansi": "^6.0.1" } }, "sha512-wKyQRQpjJ0sIp62ErSZdGsjMJWsap5oRNihHhu6G7JVO/9jIB6UyevL+tXuOqrng8j/cxKTWyWUwvSTriiZz/g=="],

    "wrap-ansi-cjs/strip-ansi": ["strip-ansi@6.0.1", "", { "dependencies": { "ansi-regex": "^5.0.1" } }, "sha512-Y38VPSHcqkFrCpFnQ9vuSXmquuv5oXOKpGeT6aGrr3o3Gc9AlVa6JBfUSOCnbxGGZF+/0ooI7KrPuUSztUdU5A=="],

    "@typescript-eslint/typescript-estree/minimatch/brace-expansion": ["brace-expansion@2.0.1", "", { "dependencies": { "balanced-match": "^1.0.0" } }, "sha512-XnAIvQ8eM+kC6aULx6wuQiwVsnzsi9d3WxzV3FpWTGA19F621kwdbsAcFKXgKUHZWsy+mY6iL1sHTxWEFCytDA=="],

    "glob/minimatch/brace-expansion": ["brace-expansion@2.0.1", "", { "dependencies": { "balanced-match": "^1.0.0" } }, "sha512-XnAIvQ8eM+kC6aULx6wuQiwVsnzsi9d3WxzV3FpWTGA19F621kwdbsAcFKXgKUHZWsy+mY6iL1sHTxWEFCytDA=="],

    "string-width-cjs/strip-ansi/ansi-regex": ["ansi-regex@5.0.1", "", {}, "sha512-quJQXlTSUGL2LH9SUXo8VwsY4soanhgo6LNSm84E1LBcE8s3O0wpdiRzyR9z/ZZJMlMWv37qOOb9pdJlMUEKFQ=="],

    "wrap-ansi-cjs/string-width/emoji-regex": ["emoji-regex@8.0.0", "", {}, "sha512-MSjYzcWNOA0ewAHpz0MxpYFvwg6yjy1NG3xteoqz644VCo/RPgnr1/GGt+ic3iJTzQ8Eu3TdM14SawnVUmGE6A=="],

    "wrap-ansi-cjs/strip-ansi/ansi-regex": ["ansi-regex@5.0.1", "", {}, "sha512-quJQXlTSUGL2LH9SUXo8VwsY4soanhgo6LNSm84E1LBcE8s3O0wpdiRzyR9z/ZZJMlMWv37qOOb9pdJlMUEKFQ=="],
  }
}
